
Microsoft Visual Studio Solution File, Format Version 12.00
# Visual Studio Version 17
VisualStudioVersion = 17.14.36518.9
MinimumVisualStudioVersion = 10.0.40219.1
Project("{FAE04EC0-301F-11D3-BF4B-00C04F79EFBC}") = "View", "View\View.csproj", "{F7AA9297-E2B5-4CF7-B5F3-265295F9357A}"
EndProject
Project("{FAE04EC0-301F-11D3-BF4B-00C04F79EFBC}") = "Model", "Model\Model.csproj", "{CE914D8C-9283-43D1-B659-C556C81EE99B}"
EndProject
Project("{FAE04EC0-301F-11D3-BF4B-00C04F79EFBC}") = "ViewModel", "ViewModel\ViewModel.csproj", "{6290A85D-2941-447B-950A-4EA6BA0E1AD2}"
EndProject
Project("{FAE04EC0-301F-11D3-BF4B-00C04F79EFBC}") = "Services", "Services\Services.csproj", "{3B52104F-5E92-4E9F-9D11-FC7E7948EFD1}"
EndProject
Project("{FAE04EC0-301F-11D3-BF4B-00C04F79EFBC}") = "Tests", "Tests\Tests.csproj", "{19E25CE5-FC20-41AF-BD02-999BAE39EFAF}"
EndProject
Global
	GlobalSection(SolutionConfigurationPlatforms) = preSolution
		Debug|Any CPU = Debug|Any CPU
		Release|Any CPU = Release|Any CPU
	EndGlobalSection
	GlobalSection(ProjectConfigurationPlatforms) = postSolution
		{F7AA9297-E2B5-4CF7-B5F3-265295F9357A}.Debug|Any CPU.ActiveCfg = Debug|Any CPU
		{F7AA9297-E2B5-4CF7-B5F3-265295F9357A}.Debug|Any CPU.Build.0 = Debug|Any CPU
		{F7AA9297-E2B5-4CF7-B5F3-265295F9357A}.Debug|Any CPU.Deploy.0 = Debug|Any CPU
		{F7AA9297-E2B5-4CF7-B5F3-265295F9357A}.Release|Any CPU.ActiveCfg = Release|Any CPU
		{F7AA9297-E2B5-4CF7-B5F3-265295F9357A}.Release|Any CPU.Build.0 = Release|Any CPU
		{CE914D8C-9283-43D1-B659-C556C81EE99B}.Debug|Any CPU.ActiveCfg = Debug|Any CPU
		{CE914D8C-9283-43D1-B659-C556C81EE99B}.Debug|Any CPU.Build.0 = Debug|Any CPU
		{CE914D8C-9283-43D1-B659-C556C81EE99B}.Release|Any CPU.ActiveCfg = Release|Any CPU
		{CE914D8C-9283-43D1-B659-C556C81EE99B}.Release|Any CPU.Build.0 = Release|Any CPU
		{6290A85D-2941-447B-950A-4EA6BA0E1AD2}.Debug|Any CPU.ActiveCfg = Debug|Any CPU
		{6290A85D-2941-447B-950A-4EA6BA0E1AD2}.Debug|Any CPU.Build.0 = Debug|Any CPU
		{6290A85D-2941-447B-950A-4EA6BA0E1AD2}.Release|Any CPU.ActiveCfg = Release|Any CPU
		{6290A85D-2941-447B-950A-4EA6BA0E1AD2}.Release|Any CPU.Build.0 = Release|Any CPU
		{3B52104F-5E92-4E9F-9D11-FC7E7948EFD1}.Debug|Any CPU.ActiveCfg = Debug|Any CPU
		{3B52104F-5E92-4E9F-9D11-FC7E7948EFD1}.Debug|Any CPU.Build.0 = Debug|Any CPU
		{3B52104F-5E92-4E9F-9D11-FC7E7948EFD1}.Release|Any CPU.ActiveCfg = Release|Any CPU
		{3B52104F-5E92-4E9F-9D11-FC7E7948EFD1}.Release|Any CPU.Build.0 = Release|Any CPU
		{19E25CE5-FC20-41AF-BD02-999BAE39EFAF}.Debug|Any CPU.ActiveCfg = Debug|Any CPU
		{19E25CE5-FC20-41AF-BD02-999BAE39EFAF}.Debug|Any CPU.Build.0 = Debug|Any CPU
		{19E25CE5-FC20-41AF-BD02-999BAE39EFAF}.Release|Any CPU.ActiveCfg = Release|Any CPU
		{19E25CE5-FC20-41AF-BD02-999BAE39EFAF}.Release|Any CPU.Build.0 = Release|Any CPU
	EndGlobalSection
	GlobalSection(SolutionProperties) = preSolution
		HideSolutionNode = FALSE
	EndGlobalSection
	GlobalSection(ExtensibilityGlobals) = postSolution
		SolutionGuid = {7651B9C8-9438-4F64-A6CB-47D452B8C6E1}
	EndGlobalSection
EndGlobal
